
Microsoft Visual Studio Solution File, Format Version 12.00
# Visual Studio Version 16
Project("{8BC9CEB8-8B4A-11D0-8D11-00A0C91BC942}") = "ALL_BUILD", "ALL_BUILD.vcxproj", "{33BF64B4-A7E9-331D-B148-8E77276245E0}"
	ProjectSection(ProjectDependencies) = postProject
		{D77D3B0B-760E-32E1-A74A-3AB91CD729D5} = {D77D3B0B-760E-32E1-A74A-3AB91CD729D5}
		{439B1D97-292E-36F9-ADC6-7E9B33405B33} = {439B1D97-292E-36F9-ADC6-7E9B33405B33}
	EndProjectSection
EndProject
Project("{8BC9CEB8-8B4A-11D0-8D11-00A0C91BC942}") = "ZERO_CHECK", "ZERO_CHECK.vcxproj", "{D77D3B0B-760E-32E1-A74A-3AB91CD729D5}"
	ProjectSection(ProjectDependencies) = postProject
	EndProjectSection
EndProject
Project("{8BC9CEB8-8B4A-11D0-8D11-00A0C91BC942}") = "program", "main\program.vcxproj", "{439B1D97-292E-36F9-ADC6-7E9B33405B33}"
	ProjectSection(ProjectDependencies) = postProject
		{D77D3B0B-760E-32E1-A74A-3AB91CD729D5} = {D77D3B0B-760E-32E1-A74A-3AB91CD729D5}
	EndProjectSection
EndProject
Global
	GlobalSection(SolutionConfigurationPlatforms) = preSolution
		Debug|x64 = Debug|x64
		Release|x64 = Release|x64
		MinSizeRel|x64 = MinSizeRel|x64
		RelWithDebInfo|x64 = RelWithDebInfo|x64
	EndGlobalSection
	GlobalSection(ProjectConfigurationPlatforms) = postSolution
		{33BF64B4-A7E9-331D-B148-8E77276245E0}.Debug|x64.ActiveCfg = Debug|x64
		{33BF64B4-A7E9-331D-B148-8E77276245E0}.Release|x64.ActiveCfg = Release|x64
		{33BF64B4-A7E9-331D-B148-8E77276245E0}.MinSizeRel|x64.ActiveCfg = MinSizeRel|x64
		{33BF64B4-A7E9-331D-B148-8E77276245E0}.RelWithDebInfo|x64.ActiveCfg = RelWithDebInfo|x64
		{D77D3B0B-760E-32E1-A74A-3AB91CD729D5}.Debug|x64.ActiveCfg = Debug|x64
		{D77D3B0B-760E-32E1-A74A-3AB91CD729D5}.Debug|x64.Build.0 = Debug|x64
		{D77D3B0B-760E-32E1-A74A-3AB91CD729D5}.Release|x64.ActiveCfg = Release|x64
		{D77D3B0B-760E-32E1-A74A-3AB91CD729D5}.Release|x64.Build.0 = Release|x64
		{D77D3B0B-760E-32E1-A74A-3AB91CD729D5}.MinSizeRel|x64.ActiveCfg = MinSizeRel|x64
		{D77D3B0B-760E-32E1-A74A-3AB91CD729D5}.MinSizeRel|x64.Build.0 = MinSizeRel|x64
		{D77D3B0B-760E-32E1-A74A-3AB91CD729D5}.RelWithDebInfo|x64.ActiveCfg = RelWithDebInfo|x64
		{D77D3B0B-760E-32E1-A74A-3AB91CD729D5}.RelWithDebInfo|x64.Build.0 = RelWithDebInfo|x64
		{439B1D97-292E-36F9-ADC6-7E9B33405B33}.Debug|x64.ActiveCfg = Debug|x64
		{439B1D97-292E-36F9-ADC6-7E9B33405B33}.Debug|x64.Build.0 = Debug|x64
		{439B1D97-292E-36F9-ADC6-7E9B33405B33}.Release|x64.ActiveCfg = Release|x64
		{439B1D97-292E-36F9-ADC6-7E9B33405B33}.Release|x64.Build.0 = Release|x64
		{439B1D97-292E-36F9-ADC6-7E9B33405B33}.MinSizeRel|x64.ActiveCfg = MinSizeRel|x64
		{439B1D97-292E-36F9-ADC6-7E9B33405B33}.MinSizeRel|x64.Build.0 = MinSizeRel|x64
		{439B1D97-292E-36F9-ADC6-7E9B33405B33}.RelWithDebInfo|x64.ActiveCfg = RelWithDebInfo|x64
		{439B1D97-292E-36F9-ADC6-7E9B33405B33}.RelWithDebInfo|x64.Build.0 = RelWithDebInfo|x64
	EndGlobalSection
	GlobalSection(ExtensibilityGlobals) = postSolution
		SolutionGuid = {EED0EB01-3F25-3AC8-8C99-F0484A808332}
	EndGlobalSection
	GlobalSection(ExtensibilityAddIns) = postSolution
	EndGlobalSection
EndGlobal
